
Microsoft Visual Studio Solution File, Format Version 12.00
# Visual Studio 15
VisualStudioVersion = 15.0.28307.572
MinimumVisualStudioVersion = 10.0.40219.1
Project("{FAE04EC0-301F-11D3-BF4B-00C04F79EFBC}") = "Login system", "Login system\Login system.csproj", "{3AEF8010-2474-4E74-BCDD-B7E9F8210EDF}"
EndProject
Global
	GlobalSection(SolutionConfigurationPlatforms) = preSolution
		Debug|Any CPU = Debug|Any CPU
		Release|Any CPU = Release|Any CPU
	EndGlobalSection
	GlobalSection(ProjectConfigurationPlatforms) = postSolution
		{3AEF8010-2474-4E74-BCDD-B7E9F8210EDF}.Debug|Any CPU.ActiveCfg = Debug|Any CPU
		{3AEF8010-2474-4E74-BCDD-B7E9F8210EDF}.Debug|Any CPU.Build.0 = Debug|Any CPU
		{3AEF8010-2474-4E74-BCDD-B7E9F8210EDF}.Debug|Any CPU.Deploy.0 = Debug|Any CPU
		{3AEF8010-2474-4E74-BCDD-B7E9F8210EDF}.Release|Any CPU.ActiveCfg = Release|Any CPU
		{3AEF8010-2474-4E74-BCDD-B7E9F8210EDF}.Release|Any CPU.Build.0 = Release|Any CPU
		{3AEF8010-2474-4E74-BCDD-B7E9F8210EDF}.Release|Any CPU.Deploy.0 = Release|Any CPU
	EndGlobalSection
	GlobalSection(SolutionProperties) = preSolution
		HideSolutionNode = FALSE
	EndGlobalSection
	GlobalSection(ExtensibilityGlobals) = postSolution
		SolutionGuid = {89C444EB-8522-49A9-9102-AA04EA05A8AD}
	EndGlobalSection
EndGlobal
